
Microsoft Visual Studio Solution File, Format Version 12.00
# Visual Studio 15
VisualStudioVersion = 15.0.28010.2050
MinimumVisualStudioVersion = 10.0.40219.1
Project("{FAE04EC0-301F-11D3-BF4B-00C04F79EFBC}") = "Odlucivac", "Odlucivac\Odlucivac.csproj", "{A329716E-712F-4F18-9694-FCE07BB7C47D}"
EndProject
Global
	GlobalSection(SolutionConfigurationPlatforms) = preSolution
		Debug|Any CPU = Debug|Any CPU
		Release|Any CPU = Release|Any CPU
	EndGlobalSection
	GlobalSection(ProjectConfigurationPlatforms) = postSolution
		{A329716E-712F-4F18-9694-FCE07BB7C47D}.Debug|Any CPU.ActiveCfg = Debug|Any CPU
		{A329716E-712F-4F18-9694-FCE07BB7C47D}.Debug|Any CPU.Build.0 = Debug|Any CPU
		{A329716E-712F-4F18-9694-FCE07BB7C47D}.Release|Any CPU.ActiveCfg = Release|Any CPU
		{A329716E-712F-4F18-9694-FCE07BB7C47D}.Release|Any CPU.Build.0 = Release|Any CPU
	EndGlobalSection
	GlobalSection(SolutionProperties) = preSolution
		HideSolutionNode = FALSE
	EndGlobalSection
	GlobalSection(ExtensibilityGlobals) = postSolution
		SolutionGuid = {37FB56A1-CA3D-4170-B842-3979B5B31CBA}
	EndGlobalSection
EndGlobal
